
Microsoft Visual Studio Solution File, Format Version 12.00
Project("{FAE04EC0-301F-11D3-BF4B-00C04F79EFBC}") = "ChatServer", "ChatServer\ChatServer.csproj", "{0528A759-FFEA-4C92-A959-77221F4CCF4E}"
EndProject
Project("{FAE04EC0-301F-11D3-BF4B-00C04F79EFBC}") = "ChatClient", "ChatClient\ChatClient.csproj", "{BE089BA7-ABED-47D3-A9D2-EB9566F8CD13}"
EndProject
Project("{FAE04EC0-301F-11D3-BF4B-00C04F79EFBC}") = "JsonMessage", "JsonMessage\JsonMessage.csproj", "{B7D6C3FE-7FDD-47A6-A124-75E6E20EFD72}"
EndProject
Project("{FAE04EC0-301F-11D3-BF4B-00C04F79EFBC}") = "Console-ChatClient", "Console-ChatClient\Console-ChatClient.csproj", "{03D9283C-73B5-45F5-970C-09A8E55660D1}"
EndProject
Global
	GlobalSection(SolutionConfigurationPlatforms) = preSolution
		Debug|Any CPU = Debug|Any CPU
		Release|Any CPU = Release|Any CPU
	EndGlobalSection
	GlobalSection(ProjectConfigurationPlatforms) = postSolution
		{0528A759-FFEA-4C92-A959-77221F4CCF4E}.Debug|Any CPU.ActiveCfg = Debug|Any CPU
		{0528A759-FFEA-4C92-A959-77221F4CCF4E}.Debug|Any CPU.Build.0 = Debug|Any CPU
		{0528A759-FFEA-4C92-A959-77221F4CCF4E}.Release|Any CPU.ActiveCfg = Release|Any CPU
		{0528A759-FFEA-4C92-A959-77221F4CCF4E}.Release|Any CPU.Build.0 = Release|Any CPU
		{BE089BA7-ABED-47D3-A9D2-EB9566F8CD13}.Debug|Any CPU.ActiveCfg = Debug|Any CPU
		{BE089BA7-ABED-47D3-A9D2-EB9566F8CD13}.Debug|Any CPU.Build.0 = Debug|Any CPU
		{BE089BA7-ABED-47D3-A9D2-EB9566F8CD13}.Release|Any CPU.ActiveCfg = Release|Any CPU
		{BE089BA7-ABED-47D3-A9D2-EB9566F8CD13}.Release|Any CPU.Build.0 = Release|Any CPU
		{B7D6C3FE-7FDD-47A6-A124-75E6E20EFD72}.Debug|Any CPU.ActiveCfg = Debug|Any CPU
		{B7D6C3FE-7FDD-47A6-A124-75E6E20EFD72}.Debug|Any CPU.Build.0 = Debug|Any CPU
		{B7D6C3FE-7FDD-47A6-A124-75E6E20EFD72}.Release|Any CPU.ActiveCfg = Release|Any CPU
		{B7D6C3FE-7FDD-47A6-A124-75E6E20EFD72}.Release|Any CPU.Build.0 = Release|Any CPU
		{03D9283C-73B5-45F5-970C-09A8E55660D1}.Debug|Any CPU.ActiveCfg = Debug|Any CPU
		{03D9283C-73B5-45F5-970C-09A8E55660D1}.Debug|Any CPU.Build.0 = Debug|Any CPU
		{03D9283C-73B5-45F5-970C-09A8E55660D1}.Release|Any CPU.ActiveCfg = Release|Any CPU
		{03D9283C-73B5-45F5-970C-09A8E55660D1}.Release|Any CPU.Build.0 = Release|Any CPU
	EndGlobalSection
EndGlobal
